// !$*UTF8*$!
{
	archiveVersion = 1;
	classes = {
	};
	objectVersion = 50;
	objects = {

/* Begin PBXBuildFile section */
		55D3FE2124EAEEC3005DDBEA /* AppDelegate.swift in Sources */ = {isa = PBXBuildFile; fileRef = 55D3FE2024EAEEC3005DDBEA /* AppDelegate.swift */; };
		55D3FE2324EAEEC3005DDBEA /* SceneDelegate.swift in Sources */ = {isa = PBXBuildFile; fileRef = 55D3FE2224EAEEC3005DDBEA /* SceneDelegate.swift */; };
		55D3FE2524EAEEC3005DDBEA /* ViewController.swift in Sources */ = {isa = PBXBuildFile; fileRef = 55D3FE2424EAEEC3005DDBEA /* ViewController.swift */; };
		55D3FE2824EAEEC3005DDBEA /* Main.storyboard in Resources */ = {isa = PBXBuildFile; fileRef = 55D3FE2624EAEEC3005DDBEA /* Main.storyboard */; };
		55D3FE2A24EAEEC7005DDBEA /* Assets.xcassets in Resources */ = {isa = PBXBuildFile; fileRef = 55D3FE2924EAEEC7005DDBEA /* Assets.xcassets */; };
		55D3FE2D24EAEEC7005DDBEA /* LaunchScreen.storyboard in Resources */ = {isa = PBXBuildFile; fileRef = 55D3FE2B24EAEEC7005DDBEA /* LaunchScreen.storyboard */; };
		DD0E06AEB25D27920D6E18E3 /* Pods_MySpringApp.framework in Frameworks */ = {isa = PBXBuildFile; fileRef = 433E794B1D90BDDB771D25F3 /* Pods_MySpringApp.framework */; };
/* End PBXBuildFile section */

/* Begin PBXFileReference section */
		433E794B1D90BDDB771D25F3 /* Pods_MySpringApp.framework */ = {isa = PBXFileReference; explicitFileType = wrapper.framework; includeInIndex = 0; path = Pods_MySpringApp.framework; sourceTree = BUILT_PRODUCTS_DIR; };
		55D3FE1D24EAEEC3005DDBEA /* MySpringApp.app */ = {isa = PBXFileReference; explicitFileType = wrapper.application; includeInIndex = 0; path = MySpringApp.app; sourceTree = BUILT_PRODUCTS_DIR; };
		55D3FE2024EAEEC3005DDBEA /* AppDelegate.swift */ = {isa = PBXFileReference; lastKnownFileType = sourcecode.swift; path = AppDelegate.swift; sourceTree = "<group>"; };
		55D3FE2224EAEEC3005DDBEA /* SceneDelegate.swift */ = {isa = PBXFileReference; lastKnownFileType = sourcecode.swift; path = SceneDelegate.swift; sourceTree = "<group>"; };
		55D3FE2424EAEEC3005DDBEA /* ViewController.swift */ = {isa = PBXFileReference; lastKnownFileType = sourcecode.swift; path = ViewController.swift; sourceTree = "<group>"; };
		55D3FE2724EAEEC3005DDBEA /* Base */ = {isa = PBXFileReference; lastKnownFileType = file.storyboard; name = Base; path = Base.lproj/Main.storyboard; sourceTree = "<group>"; };
		55D3FE2924EAEEC7005DDBEA /* Assets.xcassets */ = {isa = PBXFileReference; lastKnownFileType = folder.assetcatalog; path = Assets.xcassets; sourceTree = "<group>"; };
		55D3FE2C24EAEEC7005DDBEA /* Base */ = {isa = PBXFileReference; lastKnownFileType = file.storyboard; name = Base; path = Base.lproj/LaunchScreen.storyboard; sourceTree = "<group>"; };
		55D3FE2E24EAEEC7005DDBEA /* Info.plist */ = {isa = PBXFileReference; lastKnownFileType = text.plist.xml; path = Info.plist; sourceTree = "<group>"; };
		AB68DAD287CBBEEF15A7A4BF /* Pods-MySpringApp.release.xcconfig */ = {isa = PBXFileReference; includeInIndex = 1; lastKnownFileType = text.xcconfig; name = "Pods-MySpringApp.release.xcconfig"; path = "Target Support Files/Pods-MySpringApp/Pods-MySpringApp.release.xcconfig"; sourceTree = "<group>"; };
		D9CAF0994B566F288D29BCF3 /* Pods-MySpringApp.debug.xcconfig */ = {isa = PBXFileReference; includeInIndex = 1; lastKnownFileType = text.xcconfig; name = "Pods-MySpringApp.debug.xcconfig"; path = "Target Support Files/Pods-MySpringApp/Pods-MySpringApp.debug.xcconfig"; sourceTree = "<group>"; };
/* End PBXFileReference section */

/* Begin PBXFrameworksBuildPhase section */
		55D3FE1A24EAEEC3005DDBEA /* Frameworks */ = {
			isa = PBXFrameworksBuildPhase;
			buildActionMask = 2147483647;
			files = (
				DD0E06AEB25D27920D6E18E3 /* Pods_MySpringApp.framework in Frameworks */,
			);
			runOnlyForDeploymentPostprocessing = 0;
		};
/* End PBXFrameworksBuildPhase section */

/* Begin PBXGroup section */
		55D3FE1424EAEEC3005DDBEA = {
			isa = PBXGroup;
			children = (
				55D3FE1F24EAEEC3005DDBEA /* MySpringApp */,
				55D3FE1E24EAEEC3005DDBEA /* Products */,
				9E9FF370009AFF8335253414 /* Pods */,
				58ED535A09A5414F18E7CA2B /* Frameworks */,
			);
			sourceTree = "<group>";
		};
		55D3FE1E24EAEEC3005DDBEA /* Products */ = {
			isa = PBXGroup;
			children = (
				55D3FE1D24EAEEC3005DDBEA /* MySpringApp.app */,
			);
			name = Products;
			sourceTree = "<group>";
		};
		55D3FE1F24EAEEC3005DDBEA /* MySpringApp */ = {
			isa = PBXGroup;
			children = (
				55D3FE2024EAEEC3005DDBEA /* AppDelegate.swift */,
				55D3FE2224EAEEC3005DDBEA /* SceneDelegate.swift */,
				55D3FE2424EAEEC3005DDBEA /* ViewController.swift */,
				55D3FE2624EAEEC3005DDBEA /* Main.storyboard */,
				55D3FE2924EAEEC7005DDBEA /* Assets.xcassets */,
				55D3FE2B24EAEEC7005DDBEA /* LaunchScreen.storyboard */,
				55D3FE2E24EAEEC7005DDBEA /* Info.plist */,
			);
			path = MySpringApp;
			sourceTree = "<group>";
		};
		58ED535A09A5414F18E7CA2B /* Frameworks */ = {
			isa = PBXGroup;
			children = (
				433E794B1D90BDDB771D25F3 /* Pods_MySpringApp.framework */,
			);
			name = Frameworks;
			sourceTree = "<group>";
		};
		9E9FF370009AFF8335253414 /* Pods */ = {
			isa = PBXGroup;
			children = (
				D9CAF0994B566F288D29BCF3 /* Pods-MySpringApp.debug.xcconfig */,
				AB68DAD287CBBEEF15A7A4BF /* Pods-MySpringApp.release.xcconfig */,
			);
			name = Pods;
			path = Pods;
			sourceTree = "<group>";
		};
/* End PBXGroup section */

/* Begin PBXNativeTarget section */
		55D3FE1C24EAEEC3005DDBEA /* MySpringApp */ = {
			isa = PBXNativeTarget;
			buildConfigurationList = 55D3FE3124EAEEC7005DDBEA /* Build configuration list for PBXNativeTarget "MySpringApp" */;
			buildPhases = (
				F64D429BC65DB06C8CBA1A93 /* [CP] Check Pods Manifest.lock */,
				55D3FE1924EAEEC3005DDBEA /* Sources */,
				55D3FE1A24EAEEC3005DDBEA /* Frameworks */,
				55D3FE1B24EAEEC3005DDBEA /* Resources */,
				84BD8BDC38A1C9F835D972D5 /* [CP] Embed Pods Frameworks */,
			);
			buildRules = (
			);
			dependencies = (
			);
			name = MySpringApp;
			productName = MySpringApp;
			productReference = 55D3FE1D24EAEEC3005DDBEA /* MySpringApp.app */;
			productType = "com.apple.product-type.application";
		};
/* End PBXNativeTarget section */

/* Begin PBXProject section */
		55D3FE1524EAEEC3005DDBEA /* Project object */ = {
			isa = PBXProject;
			attributes = {
				LastSwiftUpdateCheck = 1140;
				LastUpgradeCheck = 1140;
				ORGANIZATIONNAME = "Kairzhan Kural";
				TargetAttributes = {
					55D3FE1C24EAEEC3005DDBEA = {
						CreatedOnToolsVersion = 11.4.1;
					};
				};
			};
			buildConfigurationList = 55D3FE1824EAEEC3005DDBEA /* Build configuration list for PBXProject "MySpringApp" */;
			compatibilityVersion = "Xcode 9.3";
			developmentRegion = en;
			hasScannedForEncodings = 0;
			knownRegions = (
				en,
				Base,
			);
			mainGroup = 55D3FE1424EAEEC3005DDBEA;
			productRefGroup = 55D3FE1E24EAEEC3005DDBEA /* Products */;
			projectDirPath = "";
			projectRoot = "";
			targets = (
				55D3FE1C24EAEEC3005DDBEA /* MySpringApp */,
			);
		};
/* End PBXProject section */

/* Begin PBXResourcesBuildPhase section */
		55D3FE1B24EAEEC3005DDBEA /* Resources */ = {
			isa = PBXResourcesBuildPhase;
			buildActionMask = 2147483647;
			files = (
				55D3FE2D24EAEEC7005DDBEA /* LaunchScreen.storyboard in Resources */,
				55D3FE2A24EAEEC7005DDBEA /* Assets.xcassets in Resources */,
				55D3FE2824EAEEC3005DDBEA /* Main.storyboard in Resources */,
			);
			runOnlyForDeploymentPostprocessing = 0;
		};
/* End PBXResourcesBuildPhase section */

/* Begin PBXShellScriptBuildPhase section */
		84BD8BDC38A1C9F835D972D5 /* [CP] Embed Pods Frameworks */ = {
			isa = PBXShellScriptBuildPhase;
			buildActionMask = 2147483647;
			files = (
			);
			inputFileListPaths = (
				"${PODS_ROOT}/Target Support Files/Pods-MySpringApp/Pods-MySpringApp-frameworks-${CONFIGURATION}-input-files.xcfilelist",
			);
			name = "[CP] Embed Pods Frameworks";
			outputFileListPaths = (
				"${PODS_ROOT}/Target Support Files/Pods-MySpringApp/Pods-MySpringApp-frameworks-${CONFIGURATION}-output-files.xcfilelist",
			);
			runOnlyForDeploymentPostprocessing = 0;
			shellPath = /bin/sh;
			shellScript = "\"${PODS_ROOT}/Target Support Files/Pods-MySpringApp/Pods-MySpringApp-frameworks.sh\"\n";
			showEnvVarsInLog = 0;
		};
		F64D429BC65DB06C8CBA1A93 /* [CP] Check Pods Manifest.lock */ = {
			isa = PBXShellScriptBuildPhase;
			buildActionMask = 2147483647;
			files = (
			);
			inputFileListPaths = (
			);
			inputPaths = (
				"${PODS_PODFILE_DIR_PATH}/Podfile.lock",
				"${PODS_ROOT}/Manifest.lock",
			);
			name = "[CP] Check Pods Manifest.lock";
			outputFileListPaths = (
			);
			outputPaths = (
				"$(DERIVED_FILE_DIR)/Pods-MySpringApp-checkManifestLockResult.txt",
			);
			runOnlyForDeploymentPostprocessing = 0;
			shellPath = /bin/sh;
			shellScript = "diff \"${PODS_PODFILE_DIR_PATH}/Podfile.lock\" \"${PODS_ROOT}/Manifest.lock\" > /dev/null\nif [ $? != 0 ] ; then\n    # print error to STDERR\n    echo \"error: The sandbox is not in sync with the Podfile.lock. Run 'pod install' or update your CocoaPods installation.\" >&2\n    exit 1\nfi\n# This output is used by Xcode 'outputs' to avoid re-running this script phase.\necho \"SUCCESS\" > \"${SCRIPT_OUTPUT_FILE_0}\"\n";
			showEnvVarsInLog = 0;
		};
/* End PBXShellScriptBuildPhase section */

/* Begin PBXSourcesBuildPhase section */
		55D3FE1924EAEEC3005DDBEA /* Sources */ = {
			isa = PBXSourcesBuildPhase;
			buildActionMask = 2147483647;
			files = (
				55D3FE2524EAEEC3005DDBEA /* ViewController.swift in Sources */,
				55D3FE2124EAEEC3005DDBEA /* AppDelegate.swift in Sources */,
				55D3FE2324EAEEC3005DDBEA /* SceneDelegate.swift in Sources */,
			);
			runOnlyForDeploymentPostprocessing = 0;
		};
/* End PBXSourcesBuildPhase section */

/* Begin PBXVariantGroup section */
		55D3FE2624EAEEC3005DDBEA /* Main.storyboard */ = {
			isa = PBXVariantGroup;
			children = (
				55D3FE2724EAEEC3005DDBEA /* Base */,
			);
			name = Main.storyboard;
			sourceTree = "<group>";
		};
		55D3FE2B24EAEEC7005DDBEA /* LaunchScreen.storyboard */ = {
			isa = PBXVariantGroup;
			children = (
				55D3FE2C24EAEEC7005DDBEA /* Base */,
			);
			name = LaunchScreen.storyboard;
			sourceTree = "<group>";
		};
/* End PBXVariantGroup section */

/* Begin XCBuildConfiguration section */
		55D3FE2F24EAEEC7005DDBEA /* Debug */ = {
			isa = XCBuildConfiguration;
			buildSettings = {
				ALWAYS_SEARCH_USER_PATHS = NO;
				CLANG_ANALYZER_NONNULL = YES;
				CLANG_ANALYZER_NUMBER_OBJECT_CONVERSION = YES_AGGRESSIVE;
				CLANG_CXX_LANGUAGE_STANDARD = "gnu++14";
				CLANG_CXX_LIBRARY = "libc++";
				CLANG_ENABLE_MODULES = YES;
				CLANG_ENABLE_OBJC_ARC = YES;
				CLANG_ENABLE_OBJC_WEAK = YES;
				CLANG_WARN_BLOCK_CAPTURE_AUTORELEASING = YES;
				CLANG_WARN_BOOL_CONVERSION = YES;
				CLANG_WARN_COMMA = YES;
				CLANG_WARN_CONSTANT_CONVERSION = YES;
				CLANG_WARN_DEPRECATED_OBJC_IMPLEMENTATIONS = YES;
				CLANG_WARN_DIRECT_OBJC_ISA_USAGE = YES_ERROR;
				CLANG_WARN_DOCUMENTATION_COMMENTS = YES;
				CLANG_WARN_EMPTY_BODY = YES;
				CLANG_WARN_ENUM_CONVERSION = YES;
				CLANG_WARN_INFINITE_RECURSION = YES;
				CLANG_WARN_INT_CONVERSION = YES;
				CLANG_WARN_NON_LITERAL_NULL_CONVERSION = YES;
				CLANG_WARN_OBJC_IMPLICIT_RETAIN_SELF = YES;
				CLANG_WARN_OBJC_LITERAL_CONVERSION = YES;
				CLANG_WARN_OBJC_ROOT_CLASS = YES_ERROR;
				CLANG_WARN_RANGE_LOOP_ANALYSIS = YES;
				CLANG_WARN_STRICT_PROTOTYPES = YES;
				CLANG_WARN_SUSPICIOUS_MOVE = YES;
				CLANG_WARN_UNGUARDED_AVAILABILITY = YES_AGGRESSIVE;
				CLANG_WARN_UNREACHABLE_CODE = YES;
				CLANG_WARN__DUPLICATE_METHOD_MATCH = YES;
				COPY_PHASE_STRIP = NO;
				DEBUG_INFORMATION_FORMAT = dwarf;
				ENABLE_STRICT_OBJC_MSGSEND = YES;
				ENABLE_TESTABILITY = YES;
				GCC_C_LANGUAGE_STANDARD = gnu11;
				GCC_DYNAMIC_NO_PIC = NO;
				GCC_NO_COMMON_BLOCKS = YES;
				GCC_OPTIMIZATION_LEVEL = 0;
				GCC_PREPROCESSOR_DEFINITIONS = (
					"DEBUG=1",
					"$(inherited)",
				);
				GCC_WARN_64_TO_32_BIT_CONVERSION = YES;
				GCC_WARN_ABOUT_RETURN_TYPE = YES_ERROR;
				GCC_WARN_UNDECLARED_SELECTOR = YES;
				GCC_WARN_UNINITIALIZED_AUTOS = YES_AGGRESSIVE;
				GCC_WARN_UNUSED_FUNCTION = YES;
				GCC_WARN_UNUSED_VARIABLE = YES;
				IPHONEOS_DEPLOYMENT_TARGET = 13.4;
				MTL_ENABLE_DEBUG_INFO = INCLUDE_SOURCE;
				MTL_FAST_MATH = YES;
				ONLY_ACTIVE_ARCH = YES;
				SDKROOT = iphoneos;
				SWIFT_ACTIVE_COMPILATION_CONDITIONS = DEBUG;
				SWIFT_OPTIMIZATION_LEVEL = "-Onone";
			};
			name = Debug;
		};
		55D3FE3024EAEEC7005DDBEA /* Release */ = {
			isa = XCBuildConfiguration;
			buildSettings = {
				ALWAYS_SEARCH_USER_PATHS = NO;
				CLANG_ANALYZER_NONNULL = YES;
				CLANG_ANALYZER_NUMBER_OBJECT_CONVERSION = YES_AGGRESSIVE;
				CLANG_CXX_LANGUAGE_STANDARD = "gnu++14";
				CLANG_CXX_LIBRARY = "libc++";
				CLANG_ENABLE_MODULES = YES;
				CLANG_ENABLE_OBJC_ARC = YES;
				CLANG_ENABLE_OBJC_WEAK = YES;
				CLANG_WARN_BLOCK_CAPTURE_AUTORELEASING = YES;
				CLANG_WARN_BOOL_CONVERSION = YES;
				CLANG_WARN_COMMA = YES;
				CLANG_WARN_CONSTANT_CONVERSION = YES;
				CLANG_WARN_DEPRECATED_OBJC_IMPLEMENTATIONS = YES;
				CLANG_WARN_DIRECT_OBJC_ISA_USAGE = YES_ERROR;
				CLANG_WARN_DOCUMENTATION_COMMENTS = YES;
				CLANG_WARN_EMPTY_BODY = YES;
				CLANG_WARN_ENUM_CONVERSION = YES;
				CLANG_WARN_INFINITE_RECURSION = YES;
				CLANG_WARN_INT_CONVERSION = YES;
				CLANG_WARN_NON_LITERAL_NULL_CONVERSION = YES;
				CLANG_WARN_OBJC_IMPLICIT_RETAIN_SELF = YES;
				CLANG_WARN_OBJC_LITERAL_CONVERSION = YES;
				CLANG_WARN_OBJC_ROOT_CLASS = YES_ERROR;
				CLANG_WARN_RANGE_LOOP_ANALYSIS = YES;
				CLANG_WARN_STRICT_PROTOTYPES = YES;
				CLANG_WARN_SUSPICIOUS_MOVE = YES;
				CLANG_WARN_UNGUARDED_AVAILABILITY = YES_AGGRESSIVE;
				CLANG_WARN_UNREACHABLE_CODE = YES;
				CLANG_WARN__DUPLICATE_METHOD_MATCH = YES;
				COPY_PHASE_STRIP = NO;
				DEBUG_INFORMATION_FORMAT = "dwarf-with-dsym";
				ENABLE_NS_ASSERTIONS = NO;
				ENABLE_STRICT_OBJC_MSGSEND = YES;
				GCC_C_LANGUAGE_STANDARD = gnu11;
				GCC_NO_COMMON_BLOCKS = YES;
				GCC_WARN_64_TO_32_BIT_CONVERSION = YES;
				GCC_WARN_ABOUT_RETURN_TYPE = YES_ERROR;
				GCC_WARN_UNDECLARED_SELECTOR = YES;
				GCC_WARN_UNINITIALIZED_AUTOS = YES_AGGRESSIVE;
				GCC_WARN_UNUSED_FUNCTION = YES;
				GCC_WARN_UNUSED_VARIABLE = YES;
				IPHONEOS_DEPLOYMENT_TARGET = 13.4;
				MTL_ENABLE_DEBUG_INFO = NO;
				MTL_FAST_MATH = YES;
				SDKROOT = iphoneos;
				SWIFT_COMPILATION_MODE = wholemodule;
				SWIFT_OPTIMIZATION_LEVEL = "-O";
				VALIDATE_PRODUCT = YES;
			};
			name = Release;
		};
		55D3FE3224EAEEC7005DDBEA /* Debug */ = {
			isa = XCBuildConfiguration;
			baseConfigurationReference = D9CAF0994B566F288D29BCF3 /* Pods-MySpringApp.debug.xcconfig */;
			buildSettings = {
				ASSETCATALOG_COMPILER_APPICON_NAME = AppIcon;
				CODE_SIGN_STYLE = Automatic;
				DEVELOPMENT_TEAM = 854Z63GAJD;
				INFOPLIST_FILE = MySpringApp/Info.plist;
				LD_RUNPATH_SEARCH_PATHS = (
					"$(inherited)",
					"@executable_path/Frameworks",
				);
				PRODUCT_BUNDLE_IDENTIFIER = com.kairzhan.MySpringApp;
				PRODUCT_NAME = "$(TARGET_NAME)";
				SWIFT_VERSION = 5.0;
				TARGETED_DEVICE_FAMILY = "1,2";
			};
			name = Debug;
		};
		55D3FE3324EAEEC7005DDBEA /* Release */ = {
			isa = XCBuildConfiguration;
			baseConfigurationReference = AB68DAD287CBBEEF15A7A4BF /* Pods-MySpringApp.release.xcconfig */;
			buildSettings = {
				ASSETCATALOG_COMPILER_APPICON_NAME = AppIcon;
				CODE_SIGN_STYLE = Automatic;
				DEVELOPMENT_TEAM = 854Z63GAJD;
				INFOPLIST_FILE = MySpringApp/Info.plist;
				LD_RUNPATH_SEARCH_PATHS = (
					"$(inherited)",
					"@executable_path/Frameworks",
				);
				PRODUCT_BUNDLE_IDENTIFIER = com.kairzhan.MySpringApp;
				PRODUCT_NAME = "$(TARGET_NAME)";
				SWIFT_VERSION = 5.0;
				TARGETED_DEVICE_FAMILY = "1,2";
			};
			name = Release;
		};
/* End XCBuildConfiguration section */

/* Begin XCConfigurationList section */
		55D3FE1824EAEEC3005DDBEA /* Build configuration list for PBXProject "MySpringApp" */ = {
			isa = XCConfigurationList;
			buildConfigurations = (
				55D3FE2F24EAEEC7005DDBEA /* Debug */,
				55D3FE3024EAEEC7005DDBEA /* Release */,
			);
			defaultConfigurationIsVisible = 0;
			defaultConfigurationName = Release;
		};
		55D3FE3124EAEEC7005DDBEA /* Build configuration list for PBXNativeTarget "MySpringApp" */ = {
			isa = XCConfigurationList;
			buildConfigurations = (
				55D3FE3224EAEEC7005DDBEA /* Debug */,
				55D3FE3324EAEEC7005DDBEA /* Release */,
			);
			defaultConfigurationIsVisible = 0;
			defaultConfigurationName = Release;
		};
/* End XCConfigurationList section */
	};
	rootObject = 55D3FE1524EAEEC3005DDBEA /* Project object */;
}
